
Microsoft Visual Studio Solution File, Format Version 12.00
# Visual Studio 14
VisualStudioVersion = 14.0.23107.0
MinimumVisualStudioVersion = 10.0.40219.1
Project("{FAE04EC0-301F-11D3-BF4B-00C04F79EFBC}") = "Deepend", "Deepend.csproj", "{60BFAB11-202E-4F20-9688-D54E212DDD80}"
EndProject
Project("{FAE04EC0-301F-11D3-BF4B-00C04F79EFBC}") = "Deepend.Tests", "..\Deepend.Tests\Deepend.Tests.csproj", "{7EE0CC7C-29E9-4B3A-AD47-2FA3E29644FE}"
EndProject
Project("{FAE04EC0-301F-11D3-BF4B-00C04F79EFBC}") = "Deepend.Core", "..\Deepend.Core\Deepend.Core.csproj", "{9A266756-71FC-4B93-A414-429241F12500}"
EndProject
Global
	GlobalSection(SolutionConfigurationPlatforms) = preSolution
		Debug|Any CPU = Debug|Any CPU
		Release|Any CPU = Release|Any CPU
	EndGlobalSection
	GlobalSection(ProjectConfigurationPlatforms) = postSolution
		{60BFAB11-202E-4F20-9688-D54E212DDD80}.Debug|Any CPU.ActiveCfg = Debug|Any CPU
		{60BFAB11-202E-4F20-9688-D54E212DDD80}.Debug|Any CPU.Build.0 = Debug|Any CPU
		{60BFAB11-202E-4F20-9688-D54E212DDD80}.Release|Any CPU.ActiveCfg = Release|Any CPU
		{60BFAB11-202E-4F20-9688-D54E212DDD80}.Release|Any CPU.Build.0 = Release|Any CPU
		{7EE0CC7C-29E9-4B3A-AD47-2FA3E29644FE}.Debug|Any CPU.ActiveCfg = Debug|Any CPU
		{7EE0CC7C-29E9-4B3A-AD47-2FA3E29644FE}.Debug|Any CPU.Build.0 = Debug|Any CPU
		{7EE0CC7C-29E9-4B3A-AD47-2FA3E29644FE}.Release|Any CPU.ActiveCfg = Release|Any CPU
		{7EE0CC7C-29E9-4B3A-AD47-2FA3E29644FE}.Release|Any CPU.Build.0 = Release|Any CPU
		{9A266756-71FC-4B93-A414-429241F12500}.Debug|Any CPU.ActiveCfg = Debug|Any CPU
		{9A266756-71FC-4B93-A414-429241F12500}.Debug|Any CPU.Build.0 = Debug|Any CPU
		{9A266756-71FC-4B93-A414-429241F12500}.Release|Any CPU.ActiveCfg = Release|Any CPU
		{9A266756-71FC-4B93-A414-429241F12500}.Release|Any CPU.Build.0 = Release|Any CPU
	EndGlobalSection
	GlobalSection(SolutionProperties) = preSolution
		HideSolutionNode = FALSE
	EndGlobalSection
EndGlobal
